// !$*UTF8*$!
{
	archiveVersion = 1;
	classes = {
	};
	objectVersion = 46;
	objects = {

/* Begin PBXBuildFile section */
		51682EBE179B3B7300882ECF /* UIKit.framework in Frameworks */ = {isa = PBXBuildFile; fileRef = 51682EBD179B3B7300882ECF /* UIKit.framework */; };
		51682EC0179B3B7300882ECF /* Foundation.framework in Frameworks */ = {isa = PBXBuildFile; fileRef = 51682EBF179B3B7300882ECF /* Foundation.framework */; };
		51682EC2179B3B7300882ECF /* CoreGraphics.framework in Frameworks */ = {isa = PBXBuildFile; fileRef = 51682EC1179B3B7300882ECF /* CoreGraphics.framework */; };
		51682EC8179B3B7300882ECF /* InfoPlist.strings in Resources */ = {isa = PBXBuildFile; fileRef = 51682EC6179B3B7300882ECF /* InfoPlist.strings */; };
		51682ECA179B3B7300882ECF /* main.m in Sources */ = {isa = PBXBuildFile; fileRef = 51682EC9179B3B7300882ECF /* main.m */; };
		51682ECE179B3B7300882ECF /* BAPAppDelegate.m in Sources */ = {isa = PBXBuildFile; fileRef = 51682ECD179B3B7300882ECF /* BAPAppDelegate.m */; };
		51682ED0179B3B7300882ECF /* Default.png in Resources */ = {isa = PBXBuildFile; fileRef = 51682ECF179B3B7300882ECF /* Default.png */; };
		51682ED2179B3B7300882ECF /* Default@2x.png in Resources */ = {isa = PBXBuildFile; fileRef = 51682ED1179B3B7300882ECF /* Default@2x.png */; };
		51682ED4179B3B7300882ECF /* Default-568h@2x.png in Resources */ = {isa = PBXBuildFile; fileRef = 51682ED3179B3B7300882ECF /* Default-568h@2x.png */; };
		51682ED7179B3B7400882ECF /* BAPViewController.m in Sources */ = {isa = PBXBuildFile; fileRef = 51682ED6179B3B7400882ECF /* BAPViewController.m */; };
		51682EDA179B3B7400882ECF /* BAPViewController.xib in Resources */ = {isa = PBXBuildFile; fileRef = 51682ED8179B3B7400882ECF /* BAPViewController.xib */; };
/* End PBXBuildFile section */

/* Begin PBXFileReference section */
		51682EBA179B3B7300882ECF /* Button Fun.app */ = {isa = PBXFileReference; explicitFileType = wrapper.application; includeInIndex = 0; path = "Button Fun.app"; sourceTree = BUILT_PRODUCTS_DIR; };
		51682EBD179B3B7300882ECF /* UIKit.framework */ = {isa = PBXFileReference; lastKnownFileType = wrapper.framework; name = UIKit.framework; path = System/Library/Frameworks/UIKit.framework; sourceTree = SDKROOT; };
		51682EBF179B3B7300882ECF /* Foundation.framework */ = {isa = PBXFileReference; lastKnownFileType = wrapper.framework; name = Foundation.framework; path = System/Library/Frameworks/Foundation.framework; sourceTree = SDKROOT; };
		51682EC1179B3B7300882ECF /* CoreGraphics.framework */ = {isa = PBXFileReference; lastKnownFileType = wrapper.framework; name = CoreGraphics.framework; path = System/Library/Frameworks/CoreGraphics.framework; sourceTree = SDKROOT; };
		51682EC5179B3B7300882ECF /* Button Fun-Info.plist */ = {isa = PBXFileReference; lastKnownFileType = text.plist.xml; path = "Button Fun-Info.plist"; sourceTree = "<group>"; };
		51682EC7179B3B7300882ECF /* en */ = {isa = PBXFileReference; lastKnownFileType = text.plist.strings; name = en; path = en.lproj/InfoPlist.strings; sourceTree = "<group>"; };
		51682EC9179B3B7300882ECF /* main.m */ = {isa = PBXFileReference; lastKnownFileType = sourcecode.c.objc; path = main.m; sourceTree = "<group>"; };
		51682ECB179B3B7300882ECF /* Button Fun-Prefix.pch */ = {isa = PBXFileReference; lastKnownFileType = sourcecode.c.h; path = "Button Fun-Prefix.pch"; sourceTree = "<group>"; };
		51682ECC179B3B7300882ECF /* BAPAppDelegate.h */ = {isa = PBXFileReference; lastKnownFileType = sourcecode.c.h; path = BAPAppDelegate.h; sourceTree = "<group>"; };
		51682ECD179B3B7300882ECF /* BAPAppDelegate.m */ = {isa = PBXFileReference; lastKnownFileType = sourcecode.c.objc; path = BAPAppDelegate.m; sourceTree = "<group>"; };
		51682ECF179B3B7300882ECF /* Default.png */ = {isa = PBXFileReference; lastKnownFileType = image.png; path = Default.png; sourceTree = "<group>"; };
		51682ED1179B3B7300882ECF /* Default@2x.png */ = {isa = PBXFileReference; lastKnownFileType = image.png; path = "Default@2x.png"; sourceTree = "<group>"; };
		51682ED3179B3B7300882ECF /* Default-568h@2x.png */ = {isa = PBXFileReference; lastKnownFileType = image.png; path = "Default-568h@2x.png"; sourceTree = "<group>"; };
		51682ED5179B3B7400882ECF /* BAPViewController.h */ = {isa = PBXFileReference; lastKnownFileType = sourcecode.c.h; path = BAPViewController.h; sourceTree = "<group>"; };
		51682ED6179B3B7400882ECF /* BAPViewController.m */ = {isa = PBXFileReference; lastKnownFileType = sourcecode.c.objc; path = BAPViewController.m; sourceTree = "<group>"; };
		51682ED9179B3B7400882ECF /* en */ = {isa = PBXFileReference; lastKnownFileType = file.xib; name = en; path = en.lproj/BAPViewController.xib; sourceTree = "<group>"; };
/* End PBXFileReference section */

/* Begin PBXFrameworksBuildPhase section */
		51682EB7179B3B7300882ECF /* Frameworks */ = {
			isa = PBXFrameworksBuildPhase;
			buildActionMask = 2147483647;
			files = (
				51682EBE179B3B7300882ECF /* UIKit.framework in Frameworks */,
				51682EC0179B3B7300882ECF /* Foundation.framework in Frameworks */,
				51682EC2179B3B7300882ECF /* CoreGraphics.framework in Frameworks */,
			);
			runOnlyForDeploymentPostprocessing = 0;
		};
/* End PBXFrameworksBuildPhase section */

/* Begin PBXGroup section */
		51682EB1179B3B7300882ECF = {
			isa = PBXGroup;
			children = (
				51682EC3179B3B7300882ECF /* Button Fun */,
				51682EBC179B3B7300882ECF /* Frameworks */,
				51682EBB179B3B7300882ECF /* Products */,
			);
			sourceTree = "<group>";
		};
		51682EBB179B3B7300882ECF /* Products */ = {
			isa = PBXGroup;
			children = (
				51682EBA179B3B7300882ECF /* Button Fun.app */,
			);
			name = Products;
			sourceTree = "<group>";
		};
		51682EBC179B3B7300882ECF /* Frameworks */ = {
			isa = PBXGroup;
			children = (
				51682EBD179B3B7300882ECF /* UIKit.framework */,
				51682EBF179B3B7300882ECF /* Foundation.framework */,
				51682EC1179B3B7300882ECF /* CoreGraphics.framework */,
			);
			name = Frameworks;
			sourceTree = "<group>";
		};
		51682EC3179B3B7300882ECF /* Button Fun */ = {
			isa = PBXGroup;
			children = (
				51682ECC179B3B7300882ECF /* BAPAppDelegate.h */,
				51682ECD179B3B7300882ECF /* BAPAppDelegate.m */,
				51682ED5179B3B7400882ECF /* BAPViewController.h */,
				51682ED6179B3B7400882ECF /* BAPViewController.m */,
				51682ED8179B3B7400882ECF /* BAPViewController.xib */,
				51682EC4179B3B7300882ECF /* Supporting Files */,
			);
			path = "Button Fun";
			sourceTree = "<group>";
		};
		51682EC4179B3B7300882ECF /* Supporting Files */ = {
			isa = PBXGroup;
			children = (
				51682EC5179B3B7300882ECF /* Button Fun-Info.plist */,
				51682EC6179B3B7300882ECF /* InfoPlist.strings */,
				51682EC9179B3B7300882ECF /* main.m */,
				51682ECB179B3B7300882ECF /* Button Fun-Prefix.pch */,
				51682ECF179B3B7300882ECF /* Default.png */,
				51682ED1179B3B7300882ECF /* Default@2x.png */,
				51682ED3179B3B7300882ECF /* Default-568h@2x.png */,
			);
			name = "Supporting Files";
			sourceTree = "<group>";
		};
/* End PBXGroup section */

/* Begin PBXNativeTarget section */
		51682EB9179B3B7300882ECF /* Button Fun */ = {
			isa = PBXNativeTarget;
			buildConfigurationList = 51682EDD179B3B7400882ECF /* Build configuration list for PBXNativeTarget "Button Fun" */;
			buildPhases = (
				51682EB6179B3B7300882ECF /* Sources */,
				51682EB7179B3B7300882ECF /* Frameworks */,
				51682EB8179B3B7300882ECF /* Resources */,
			);
			buildRules = (
			);
			dependencies = (
			);
			name = "Button Fun";
			productName = "Button Fun";
			productReference = 51682EBA179B3B7300882ECF /* Button Fun.app */;
			productType = "com.apple.product-type.application";
		};
/* End PBXNativeTarget section */

/* Begin PBXProject section */
		51682EB2179B3B7300882ECF /* Project object */ = {
			isa = PBXProject;
			attributes = {
				CLASSPREFIX = BAP;
				LastUpgradeCheck = 0460;
				ORGANIZATIONNAME = "Aaron Bach";
			};
			buildConfigurationList = 51682EB5179B3B7300882ECF /* Build configuration list for PBXProject "Button Fun" */;
			compatibilityVersion = "Xcode 3.2";
			developmentRegion = English;
			hasScannedForEncodings = 0;
			knownRegions = (
				en,
			);
			mainGroup = 51682EB1179B3B7300882ECF;
			productRefGroup = 51682EBB179B3B7300882ECF /* Products */;
			projectDirPath = "";
			projectRoot = "";
			targets = (
				51682EB9179B3B7300882ECF /* Button Fun */,
			);
		};
/* End PBXProject section */

/* Begin PBXResourcesBuildPhase section */
		51682EB8179B3B7300882ECF /* Resources */ = {
			isa = PBXResourcesBuildPhase;
			buildActionMask = 2147483647;
			files = (
				51682EC8179B3B7300882ECF /* InfoPlist.strings in Resources */,
				51682ED0179B3B7300882ECF /* Default.png in Resources */,
				51682ED2179B3B7300882ECF /* Default@2x.png in Resources */,
				51682ED4179B3B7300882ECF /* Default-568h@2x.png in Resources */,
				51682EDA179B3B7400882ECF /* BAPViewController.xib in Resources */,
			);
			runOnlyForDeploymentPostprocessing = 0;
		};
/* End PBXResourcesBuildPhase section */

/* Begin PBXSourcesBuildPhase section */
		51682EB6179B3B7300882ECF /* Sources */ = {
			isa = PBXSourcesBuildPhase;
			buildActionMask = 2147483647;
			files = (
				51682ECA179B3B7300882ECF /* main.m in Sources */,
				51682ECE179B3B7300882ECF /* BAPAppDelegate.m in Sources */,
				51682ED7179B3B7400882ECF /* BAPViewController.m in Sources */,
			);
			runOnlyForDeploymentPostprocessing = 0;
		};
/* End PBXSourcesBuildPhase section */

/* Begin PBXVariantGroup section */
		51682EC6179B3B7300882ECF /* InfoPlist.strings */ = {
			isa = PBXVariantGroup;
			children = (
				51682EC7179B3B7300882ECF /* en */,
			);
			name = InfoPlist.strings;
			sourceTree = "<group>";
		};
		51682ED8179B3B7400882ECF /* BAPViewController.xib */ = {
			isa = PBXVariantGroup;
			children = (
				51682ED9179B3B7400882ECF /* en */,
			);
			name = BAPViewController.xib;
			sourceTree = "<group>";
		};
/* End PBXVariantGroup section */

/* Begin XCBuildConfiguration section */
		51682EDB179B3B7400882ECF /* Debug */ = {
			isa = XCBuildConfiguration;
			buildSettings = {
				ALWAYS_SEARCH_USER_PATHS = NO;
				CLANG_CXX_LANGUAGE_STANDARD = "gnu++0x";
				CLANG_CXX_LIBRARY = "libc++";
				CLANG_ENABLE_OBJC_ARC = YES;
				CLANG_WARN_CONSTANT_CONVERSION = YES;
				CLANG_WARN_EMPTY_BODY = YES;
				CLANG_WARN_ENUM_CONVERSION = YES;
				CLANG_WARN_INT_CONVERSION = YES;
				CLANG_WARN__DUPLICATE_METHOD_MATCH = YES;
				"CODE_SIGN_IDENTITY[sdk=iphoneos*]" = "iPhone Developer";
				COPY_PHASE_STRIP = NO;
				GCC_C_LANGUAGE_STANDARD = gnu99;
				GCC_DYNAMIC_NO_PIC = NO;
				GCC_OPTIMIZATION_LEVEL = 0;
				GCC_PREPROCESSOR_DEFINITIONS = (
					"DEBUG=1",
					"$(inherited)",
				);
				GCC_SYMBOLS_PRIVATE_EXTERN = NO;
				GCC_WARN_ABOUT_RETURN_TYPE = YES;
				GCC_WARN_UNINITIALIZED_AUTOS = YES;
				GCC_WARN_UNUSED_VARIABLE = YES;
				IPHONEOS_DEPLOYMENT_TARGET = 6.1;
				ONLY_ACTIVE_ARCH = YES;
				SDKROOT = iphoneos;
			};
			name = Debug;
		};
		51682EDC179B3B7400882ECF /* Release */ = {
			isa = XCBuildConfiguration;
			buildSettings = {
				ALWAYS_SEARCH_USER_PATHS = NO;
				CLANG_CXX_LANGUAGE_STANDARD = "gnu++0x";
				CLANG_CXX_LIBRARY = "libc++";
				CLANG_ENABLE_OBJC_ARC = YES;
				CLANG_WARN_CONSTANT_CONVERSION = YES;
				CLANG_WARN_EMPTY_BODY = YES;
				CLANG_WARN_ENUM_CONVERSION = YES;
				CLANG_WARN_INT_CONVERSION = YES;
				CLANG_WARN__DUPLICATE_METHOD_MATCH = YES;
				"CODE_SIGN_IDENTITY[sdk=iphoneos*]" = "iPhone Developer";
				COPY_PHASE_STRIP = YES;
				GCC_C_LANGUAGE_STANDARD = gnu99;
				GCC_WARN_ABOUT_RETURN_TYPE = YES;
				GCC_WARN_UNINITIALIZED_AUTOS = YES;
				GCC_WARN_UNUSED_VARIABLE = YES;
				IPHONEOS_DEPLOYMENT_TARGET = 6.1;
				OTHER_CFLAGS = "-DNS_BLOCK_ASSERTIONS=1";
				SDKROOT = iphoneos;
				VALIDATE_PRODUCT = YES;
			};
			name = Release;
		};
		51682EDE179B3B7400882ECF /* Debug */ = {
			isa = XCBuildConfiguration;
			buildSettings = {
				GCC_PRECOMPILE_PREFIX_HEADER = YES;
				GCC_PREFIX_HEADER = "Button Fun/Button Fun-Prefix.pch";
				INFOPLIST_FILE = "Button Fun/Button Fun-Info.plist";
				PRODUCT_NAME = "$(TARGET_NAME)";
				WRAPPER_EXTENSION = app;
			};
			name = Debug;
		};
		51682EDF179B3B7400882ECF /* Release */ = {
			isa = XCBuildConfiguration;
			buildSettings = {
				GCC_PRECOMPILE_PREFIX_HEADER = YES;
				GCC_PREFIX_HEADER = "Button Fun/Button Fun-Prefix.pch";
				INFOPLIST_FILE = "Button Fun/Button Fun-Info.plist";
				PRODUCT_NAME = "$(TARGET_NAME)";
				WRAPPER_EXTENSION = app;
			};
			name = Release;
		};
/* End XCBuildConfiguration section */

/* Begin XCConfigurationList section */
		51682EB5179B3B7300882ECF /* Build configuration list for PBXProject "Button Fun" */ = {
			isa = XCConfigurationList;
			buildConfigurations = (
				51682EDB179B3B7400882ECF /* Debug */,
				51682EDC179B3B7400882ECF /* Release */,
			);
			defaultConfigurationIsVisible = 0;
			defaultConfigurationName = Release;
		};
		51682EDD179B3B7400882ECF /* Build configuration list for PBXNativeTarget "Button Fun" */ = {
			isa = XCConfigurationList;
			buildConfigurations = (
				51682EDE179B3B7400882ECF /* Debug */,
				51682EDF179B3B7400882ECF /* Release */,
			);
			defaultConfigurationIsVisible = 0;
			defaultConfigurationName = Release;
		};
/* End XCConfigurationList section */
	};
	rootObject = 51682EB2179B3B7300882ECF /* Project object */;
}
